
Microsoft Visual Studio Solution File, Format Version 12.00
# Visual Studio Version 16
VisualStudioVersion = 16.0.31911.196
MinimumVisualStudioVersion = 10.0.40219.1
Project("{9A19103F-16F7-4668-BE54-9A1E7A4F7556}") = "SGC_LMS", "SGC_LMS\SGC_LMS.csproj", "{C1D0B294-76AC-40A3-B12F-FCC42185E3FC}"
EndProject
Project("{9A19103F-16F7-4668-BE54-9A1E7A4F7556}") = "Core.Api", "Core.Api\Core.Api.csproj", "{9BA91633-453F-4B8F-8141-38D06F185DB9}"
EndProject
Global
	GlobalSection(SolutionConfigurationPlatforms) = preSolution
		Debug|Any CPU = Debug|Any CPU
		Release|Any CPU = Release|Any CPU
	EndGlobalSection
	GlobalSection(ProjectConfigurationPlatforms) = postSolution
		{C1D0B294-76AC-40A3-B12F-FCC42185E3FC}.Debug|Any CPU.ActiveCfg = Debug|Any CPU
		{C1D0B294-76AC-40A3-B12F-FCC42185E3FC}.Debug|Any CPU.Build.0 = Debug|Any CPU
		{C1D0B294-76AC-40A3-B12F-FCC42185E3FC}.Release|Any CPU.ActiveCfg = Release|Any CPU
		{C1D0B294-76AC-40A3-B12F-FCC42185E3FC}.Release|Any CPU.Build.0 = Release|Any CPU
		{9BA91633-453F-4B8F-8141-38D06F185DB9}.Debug|Any CPU.ActiveCfg = Debug|Any CPU
		{9BA91633-453F-4B8F-8141-38D06F185DB9}.Debug|Any CPU.Build.0 = Debug|Any CPU
		{9BA91633-453F-4B8F-8141-38D06F185DB9}.Release|Any CPU.ActiveCfg = Release|Any CPU
		{9BA91633-453F-4B8F-8141-38D06F185DB9}.Release|Any CPU.Build.0 = Release|Any CPU
	EndGlobalSection
	GlobalSection(SolutionProperties) = preSolution
		HideSolutionNode = FALSE
	EndGlobalSection
	GlobalSection(ExtensibilityGlobals) = postSolution
		SolutionGuid = {D454D36A-A3ED-4A5D-B056-AC1BF8C24502}
	EndGlobalSection
EndGlobal
