
Microsoft Visual Studio Solution File, Format Version 12.00
# Visual Studio Version 16
VisualStudioVersion = 16.0.31911.196
MinimumVisualStudioVersion = 10.0.40219.1
Project("{FAE04EC0-301F-11D3-BF4B-00C04F79EFBC}") = "SGCIHM", "SGCIHM\SGCIHM.csproj", "{92C6EB0E-4A56-4300-BA88-9DBDA34C142A}"
EndProject
Global
	GlobalSection(SolutionConfigurationPlatforms) = preSolution
		Debug|Any CPU = Debug|Any CPU
		Release|Any CPU = Release|Any CPU
	EndGlobalSection
	GlobalSection(ProjectConfigurationPlatforms) = postSolution
		{92C6EB0E-4A56-4300-BA88-9DBDA34C142A}.Debug|Any CPU.ActiveCfg = Debug|Any CPU
		{92C6EB0E-4A56-4300-BA88-9DBDA34C142A}.Debug|Any CPU.Build.0 = Debug|Any CPU
		{92C6EB0E-4A56-4300-BA88-9DBDA34C142A}.Release|Any CPU.ActiveCfg = Release|Any CPU
		{92C6EB0E-4A56-4300-BA88-9DBDA34C142A}.Release|Any CPU.Build.0 = Release|Any CPU
	EndGlobalSection
	GlobalSection(SolutionProperties) = preSolution
		HideSolutionNode = FALSE
	EndGlobalSection
	GlobalSection(ExtensibilityGlobals) = postSolution
		SolutionGuid = {32A4C629-61BE-48F3-96A4-91B019621B70}
	EndGlobalSection
EndGlobal
